// !$*UTF8*$!
{
	archiveVersion = 1;
	classes = {
	};
	objectVersion = 50;
	objects = {

/* Begin PBXBuildFile section */
		F6BD0DA9265F577300AB56DC /* SwiftUiCodingExamplesApp.swift in Sources */ = {isa = PBXBuildFile; fileRef = F6BD0DA8265F577300AB56DC /* SwiftUiCodingExamplesApp.swift */; };
		F6BD0DAB265F577300AB56DC /* Main.swift in Sources */ = {isa = PBXBuildFile; fileRef = F6BD0DAA265F577300AB56DC /* Main.swift */; };
		F6BD0DAD265F577500AB56DC /* Assets.xcassets in Resources */ = {isa = PBXBuildFile; fileRef = F6BD0DAC265F577500AB56DC /* Assets.xcassets */; };
		F6BD0DB0265F577500AB56DC /* Preview Assets.xcassets in Resources */ = {isa = PBXBuildFile; fileRef = F6BD0DAF265F577500AB56DC /* Preview Assets.xcassets */; };
		F6BD0DBA265F591C00AB56DC /* HeaderView.swift in Sources */ = {isa = PBXBuildFile; fileRef = F6BD0DB9265F591C00AB56DC /* HeaderView.swift */; };
		F6BD0DBC265F5B1000AB56DC /* DescView.swift in Sources */ = {isa = PBXBuildFile; fileRef = F6BD0DBB265F5B1000AB56DC /* DescView.swift */; };
		F6C50AD826611C3A005614EC /* Example.swift in Sources */ = {isa = PBXBuildFile; fileRef = F6C50AD726611C3A005614EC /* Example.swift */; };
		F6C50ADB26612253005614EC /* MainViewModel.swift in Sources */ = {isa = PBXBuildFile; fileRef = F6C50ADA26612253005614EC /* MainViewModel.swift */; };
		F6FE0C972662765F001DC2E7 /* StateObjectCar.swift in Sources */ = {isa = PBXBuildFile; fileRef = F6FE0C962662765F001DC2E7 /* StateObjectCar.swift */; };
		F6FE0C9926627684001DC2E7 /* Car.swift in Sources */ = {isa = PBXBuildFile; fileRef = F6FE0C9826627684001DC2E7 /* Car.swift */; };
		F6FE0C9B26627DBB001DC2E7 /* StateObject_WithPicker.swift in Sources */ = {isa = PBXBuildFile; fileRef = F6FE0C9A26627DBB001DC2E7 /* StateObject_WithPicker.swift */; };
		F6FE0C9D26627EF6001DC2E7 /* CarChoices.swift in Sources */ = {isa = PBXBuildFile; fileRef = F6FE0C9C26627EF6001DC2E7 /* CarChoices.swift */; };
		F6FE0C9F2663F167001DC2E7 /* HelloWorld.swift in Sources */ = {isa = PBXBuildFile; fileRef = F6FE0C9E2663F167001DC2E7 /* HelloWorld.swift */; };
/* End PBXBuildFile section */

/* Begin PBXFileReference section */
		F6BD0DA5265F577300AB56DC /* SwiftUiCodingExamples.app */ = {isa = PBXFileReference; explicitFileType = wrapper.application; includeInIndex = 0; path = SwiftUiCodingExamples.app; sourceTree = BUILT_PRODUCTS_DIR; };
		F6BD0DA8265F577300AB56DC /* SwiftUiCodingExamplesApp.swift */ = {isa = PBXFileReference; lastKnownFileType = sourcecode.swift; path = SwiftUiCodingExamplesApp.swift; sourceTree = "<group>"; };
		F6BD0DAA265F577300AB56DC /* Main.swift */ = {isa = PBXFileReference; lastKnownFileType = sourcecode.swift; path = Main.swift; sourceTree = "<group>"; };
		F6BD0DAC265F577500AB56DC /* Assets.xcassets */ = {isa = PBXFileReference; lastKnownFileType = folder.assetcatalog; path = Assets.xcassets; sourceTree = "<group>"; };
		F6BD0DAF265F577500AB56DC /* Preview Assets.xcassets */ = {isa = PBXFileReference; lastKnownFileType = folder.assetcatalog; path = "Preview Assets.xcassets"; sourceTree = "<group>"; };
		F6BD0DB1265F577500AB56DC /* Info.plist */ = {isa = PBXFileReference; lastKnownFileType = text.plist.xml; path = Info.plist; sourceTree = "<group>"; };
		F6BD0DB9265F591C00AB56DC /* HeaderView.swift */ = {isa = PBXFileReference; lastKnownFileType = sourcecode.swift; path = HeaderView.swift; sourceTree = "<group>"; };
		F6BD0DBB265F5B1000AB56DC /* DescView.swift */ = {isa = PBXFileReference; lastKnownFileType = sourcecode.swift; path = DescView.swift; sourceTree = "<group>"; };
		F6C50AD726611C3A005614EC /* Example.swift */ = {isa = PBXFileReference; lastKnownFileType = sourcecode.swift; path = Example.swift; sourceTree = "<group>"; };
		F6C50ADA26612253005614EC /* MainViewModel.swift */ = {isa = PBXFileReference; lastKnownFileType = sourcecode.swift; path = MainViewModel.swift; sourceTree = "<group>"; };
		F6FE0C962662765F001DC2E7 /* StateObjectCar.swift */ = {isa = PBXFileReference; lastKnownFileType = sourcecode.swift; path = StateObjectCar.swift; sourceTree = "<group>"; };
		F6FE0C9826627684001DC2E7 /* Car.swift */ = {isa = PBXFileReference; lastKnownFileType = sourcecode.swift; path = Car.swift; sourceTree = "<group>"; };
		F6FE0C9A26627DBB001DC2E7 /* StateObject_WithPicker.swift */ = {isa = PBXFileReference; lastKnownFileType = sourcecode.swift; path = StateObject_WithPicker.swift; sourceTree = "<group>"; };
		F6FE0C9C26627EF6001DC2E7 /* CarChoices.swift */ = {isa = PBXFileReference; lastKnownFileType = sourcecode.swift; path = CarChoices.swift; sourceTree = "<group>"; };
		F6FE0C9E2663F167001DC2E7 /* HelloWorld.swift */ = {isa = PBXFileReference; lastKnownFileType = sourcecode.swift; path = HelloWorld.swift; sourceTree = "<group>"; };
/* End PBXFileReference section */

/* Begin PBXFrameworksBuildPhase section */
		F6BD0DA2265F577300AB56DC /* Frameworks */ = {
			isa = PBXFrameworksBuildPhase;
			buildActionMask = 2147483647;
			files = (
			);
			runOnlyForDeploymentPostprocessing = 0;
		};
/* End PBXFrameworksBuildPhase section */

/* Begin PBXGroup section */
		F6BD0D9C265F577300AB56DC = {
			isa = PBXGroup;
			children = (
				F6BD0DA7265F577300AB56DC /* SwiftUiCodingExamples */,
				F6BD0DA6265F577300AB56DC /* Products */,
			);
			sourceTree = "<group>";
		};
		F6BD0DA6265F577300AB56DC /* Products */ = {
			isa = PBXGroup;
			children = (
				F6BD0DA5265F577300AB56DC /* SwiftUiCodingExamples.app */,
			);
			name = Products;
			sourceTree = "<group>";
		};
		F6BD0DA7265F577300AB56DC /* SwiftUiCodingExamples */ = {
			isa = PBXGroup;
			children = (
				F6BD0DB8265F58DC00AB56DC /* Model */,
				F6BD0DB7265F58CA00AB56DC /* View */,
				F6C50AD926612221005614EC /* ViewModel */,
				F6BD0DA8265F577300AB56DC /* SwiftUiCodingExamplesApp.swift */,
				F6BD0DAA265F577300AB56DC /* Main.swift */,
				F6BD0DAC265F577500AB56DC /* Assets.xcassets */,
				F6BD0DB1265F577500AB56DC /* Info.plist */,
				F6BD0DAE265F577500AB56DC /* Preview Content */,
			);
			path = SwiftUiCodingExamples;
			sourceTree = "<group>";
		};
		F6BD0DAE265F577500AB56DC /* Preview Content */ = {
			isa = PBXGroup;
			children = (
				F6BD0DAF265F577500AB56DC /* Preview Assets.xcassets */,
			);
			path = "Preview Content";
			sourceTree = "<group>";
		};
		F6BD0DB7265F58CA00AB56DC /* View */ = {
			isa = PBXGroup;
			children = (
				F6BD0DB9265F591C00AB56DC /* HeaderView.swift */,
				F6BD0DBB265F5B1000AB56DC /* DescView.swift */,
				F6FE0C962662765F001DC2E7 /* StateObjectCar.swift */,
				F6FE0C9A26627DBB001DC2E7 /* StateObject_WithPicker.swift */,
				F6FE0C9E2663F167001DC2E7 /* HelloWorld.swift */,
			);
			path = View;
			sourceTree = "<group>";
		};
		F6BD0DB8265F58DC00AB56DC /* Model */ = {
			isa = PBXGroup;
			children = (
				F6C50AD726611C3A005614EC /* Example.swift */,
				F6FE0C9826627684001DC2E7 /* Car.swift */,
				F6FE0C9C26627EF6001DC2E7 /* CarChoices.swift */,
			);
			path = Model;
			sourceTree = "<group>";
		};
		F6C50AD926612221005614EC /* ViewModel */ = {
			isa = PBXGroup;
			children = (
				F6C50ADA26612253005614EC /* MainViewModel.swift */,
			);
			path = ViewModel;
			sourceTree = "<group>";
		};
/* End PBXGroup section */

/* Begin PBXNativeTarget section */
		F6BD0DA4265F577300AB56DC /* SwiftUiCodingExamples */ = {
			isa = PBXNativeTarget;
			buildConfigurationList = F6BD0DB4265F577500AB56DC /* Build configuration list for PBXNativeTarget "SwiftUiCodingExamples" */;
			buildPhases = (
				F6BD0DA1265F577300AB56DC /* Sources */,
				F6BD0DA2265F577300AB56DC /* Frameworks */,
				F6BD0DA3265F577300AB56DC /* Resources */,
			);
			buildRules = (
			);
			dependencies = (
			);
			name = SwiftUiCodingExamples;
			productName = SwiftUiCodingExamples;
			productReference = F6BD0DA5265F577300AB56DC /* SwiftUiCodingExamples.app */;
			productType = "com.apple.product-type.application";
		};
/* End PBXNativeTarget section */

/* Begin PBXProject section */
		F6BD0D9D265F577300AB56DC /* Project object */ = {
			isa = PBXProject;
			attributes = {
				LastSwiftUpdateCheck = 1250;
				LastUpgradeCheck = 1250;
				TargetAttributes = {
					F6BD0DA4265F577300AB56DC = {
						CreatedOnToolsVersion = 12.5;
					};
				};
			};
			buildConfigurationList = F6BD0DA0265F577300AB56DC /* Build configuration list for PBXProject "SwiftUiCodingExamples" */;
			compatibilityVersion = "Xcode 9.3";
			developmentRegion = en;
			hasScannedForEncodings = 0;
			knownRegions = (
				en,
				Base,
			);
			mainGroup = F6BD0D9C265F577300AB56DC;
			productRefGroup = F6BD0DA6265F577300AB56DC /* Products */;
			projectDirPath = "";
			projectRoot = "";
			targets = (
				F6BD0DA4265F577300AB56DC /* SwiftUiCodingExamples */,
			);
		};
/* End PBXProject section */

/* Begin PBXResourcesBuildPhase section */
		F6BD0DA3265F577300AB56DC /* Resources */ = {
			isa = PBXResourcesBuildPhase;
			buildActionMask = 2147483647;
			files = (
				F6BD0DB0265F577500AB56DC /* Preview Assets.xcassets in Resources */,
				F6BD0DAD265F577500AB56DC /* Assets.xcassets in Resources */,
			);
			runOnlyForDeploymentPostprocessing = 0;
		};
/* End PBXResourcesBuildPhase section */

/* Begin PBXSourcesBuildPhase section */
		F6BD0DA1265F577300AB56DC /* Sources */ = {
			isa = PBXSourcesBuildPhase;
			buildActionMask = 2147483647;
			files = (
				F6FE0C9B26627DBB001DC2E7 /* StateObject_WithPicker.swift in Sources */,
				F6BD0DAB265F577300AB56DC /* Main.swift in Sources */,
				F6BD0DBA265F591C00AB56DC /* HeaderView.swift in Sources */,
				F6FE0C9F2663F167001DC2E7 /* HelloWorld.swift in Sources */,
				F6FE0C9926627684001DC2E7 /* Car.swift in Sources */,
				F6BD0DA9265F577300AB56DC /* SwiftUiCodingExamplesApp.swift in Sources */,
				F6FE0C972662765F001DC2E7 /* StateObjectCar.swift in Sources */,
				F6BD0DBC265F5B1000AB56DC /* DescView.swift in Sources */,
				F6FE0C9D26627EF6001DC2E7 /* CarChoices.swift in Sources */,
				F6C50AD826611C3A005614EC /* Example.swift in Sources */,
				F6C50ADB26612253005614EC /* MainViewModel.swift in Sources */,
			);
			runOnlyForDeploymentPostprocessing = 0;
		};
/* End PBXSourcesBuildPhase section */

/* Begin XCBuildConfiguration section */
		F6BD0DB2265F577500AB56DC /* Debug */ = {
			isa = XCBuildConfiguration;
			buildSettings = {
				ALWAYS_SEARCH_USER_PATHS = NO;
				CLANG_ANALYZER_NONNULL = YES;
				CLANG_ANALYZER_NUMBER_OBJECT_CONVERSION = YES_AGGRESSIVE;
				CLANG_CXX_LANGUAGE_STANDARD = "gnu++14";
				CLANG_CXX_LIBRARY = "libc++";
				CLANG_ENABLE_MODULES = YES;
				CLANG_ENABLE_OBJC_ARC = YES;
				CLANG_ENABLE_OBJC_WEAK = YES;
				CLANG_WARN_BLOCK_CAPTURE_AUTORELEASING = YES;
				CLANG_WARN_BOOL_CONVERSION = YES;
				CLANG_WARN_COMMA = YES;
				CLANG_WARN_CONSTANT_CONVERSION = YES;
				CLANG_WARN_DEPRECATED_OBJC_IMPLEMENTATIONS = YES;
				CLANG_WARN_DIRECT_OBJC_ISA_USAGE = YES_ERROR;
				CLANG_WARN_DOCUMENTATION_COMMENTS = YES;
				CLANG_WARN_EMPTY_BODY = YES;
				CLANG_WARN_ENUM_CONVERSION = YES;
				CLANG_WARN_INFINITE_RECURSION = YES;
				CLANG_WARN_INT_CONVERSION = YES;
				CLANG_WARN_NON_LITERAL_NULL_CONVERSION = YES;
				CLANG_WARN_OBJC_IMPLICIT_RETAIN_SELF = YES;
				CLANG_WARN_OBJC_LITERAL_CONVERSION = YES;
				CLANG_WARN_OBJC_ROOT_CLASS = YES_ERROR;
				CLANG_WARN_QUOTED_INCLUDE_IN_FRAMEWORK_HEADER = YES;
				CLANG_WARN_RANGE_LOOP_ANALYSIS = YES;
				CLANG_WARN_STRICT_PROTOTYPES = YES;
				CLANG_WARN_SUSPICIOUS_MOVE = YES;
				CLANG_WARN_UNGUARDED_AVAILABILITY = YES_AGGRESSIVE;
				CLANG_WARN_UNREACHABLE_CODE = YES;
				CLANG_WARN__DUPLICATE_METHOD_MATCH = YES;
				COPY_PHASE_STRIP = NO;
				DEBUG_INFORMATION_FORMAT = dwarf;
				ENABLE_STRICT_OBJC_MSGSEND = YES;
				ENABLE_TESTABILITY = YES;
				GCC_C_LANGUAGE_STANDARD = gnu11;
				GCC_DYNAMIC_NO_PIC = NO;
				GCC_NO_COMMON_BLOCKS = YES;
				GCC_OPTIMIZATION_LEVEL = 0;
				GCC_PREPROCESSOR_DEFINITIONS = (
					"DEBUG=1",
					"$(inherited)",
				);
				GCC_WARN_64_TO_32_BIT_CONVERSION = YES;
				GCC_WARN_ABOUT_RETURN_TYPE = YES_ERROR;
				GCC_WARN_UNDECLARED_SELECTOR = YES;
				GCC_WARN_UNINITIALIZED_AUTOS = YES_AGGRESSIVE;
				GCC_WARN_UNUSED_FUNCTION = YES;
				GCC_WARN_UNUSED_VARIABLE = YES;
				IPHONEOS_DEPLOYMENT_TARGET = 14.5;
				MTL_ENABLE_DEBUG_INFO = INCLUDE_SOURCE;
				MTL_FAST_MATH = YES;
				ONLY_ACTIVE_ARCH = YES;
				SDKROOT = iphoneos;
				SWIFT_ACTIVE_COMPILATION_CONDITIONS = DEBUG;
				SWIFT_OPTIMIZATION_LEVEL = "-Onone";
			};
			name = Debug;
		};
		F6BD0DB3265F577500AB56DC /* Release */ = {
			isa = XCBuildConfiguration;
			buildSettings = {
				ALWAYS_SEARCH_USER_PATHS = NO;
				CLANG_ANALYZER_NONNULL = YES;
				CLANG_ANALYZER_NUMBER_OBJECT_CONVERSION = YES_AGGRESSIVE;
				CLANG_CXX_LANGUAGE_STANDARD = "gnu++14";
				CLANG_CXX_LIBRARY = "libc++";
				CLANG_ENABLE_MODULES = YES;
				CLANG_ENABLE_OBJC_ARC = YES;
				CLANG_ENABLE_OBJC_WEAK = YES;
				CLANG_WARN_BLOCK_CAPTURE_AUTORELEASING = YES;
				CLANG_WARN_BOOL_CONVERSION = YES;
				CLANG_WARN_COMMA = YES;
				CLANG_WARN_CONSTANT_CONVERSION = YES;
				CLANG_WARN_DEPRECATED_OBJC_IMPLEMENTATIONS = YES;
				CLANG_WARN_DIRECT_OBJC_ISA_USAGE = YES_ERROR;
				CLANG_WARN_DOCUMENTATION_COMMENTS = YES;
				CLANG_WARN_EMPTY_BODY = YES;
				CLANG_WARN_ENUM_CONVERSION = YES;
				CLANG_WARN_INFINITE_RECURSION = YES;
				CLANG_WARN_INT_CONVERSION = YES;
				CLANG_WARN_NON_LITERAL_NULL_CONVERSION = YES;
				CLANG_WARN_OBJC_IMPLICIT_RETAIN_SELF = YES;
				CLANG_WARN_OBJC_LITERAL_CONVERSION = YES;
				CLANG_WARN_OBJC_ROOT_CLASS = YES_ERROR;
				CLANG_WARN_QUOTED_INCLUDE_IN_FRAMEWORK_HEADER = YES;
				CLANG_WARN_RANGE_LOOP_ANALYSIS = YES;
				CLANG_WARN_STRICT_PROTOTYPES = YES;
				CLANG_WARN_SUSPICIOUS_MOVE = YES;
				CLANG_WARN_UNGUARDED_AVAILABILITY = YES_AGGRESSIVE;
				CLANG_WARN_UNREACHABLE_CODE = YES;
				CLANG_WARN__DUPLICATE_METHOD_MATCH = YES;
				COPY_PHASE_STRIP = NO;
				DEBUG_INFORMATION_FORMAT = "dwarf-with-dsym";
				ENABLE_NS_ASSERTIONS = NO;
				ENABLE_STRICT_OBJC_MSGSEND = YES;
				GCC_C_LANGUAGE_STANDARD = gnu11;
				GCC_NO_COMMON_BLOCKS = YES;
				GCC_WARN_64_TO_32_BIT_CONVERSION = YES;
				GCC_WARN_ABOUT_RETURN_TYPE = YES_ERROR;
				GCC_WARN_UNDECLARED_SELECTOR = YES;
				GCC_WARN_UNINITIALIZED_AUTOS = YES_AGGRESSIVE;
				GCC_WARN_UNUSED_FUNCTION = YES;
				GCC_WARN_UNUSED_VARIABLE = YES;
				IPHONEOS_DEPLOYMENT_TARGET = 14.5;
				MTL_ENABLE_DEBUG_INFO = NO;
				MTL_FAST_MATH = YES;
				SDKROOT = iphoneos;
				SWIFT_COMPILATION_MODE = wholemodule;
				SWIFT_OPTIMIZATION_LEVEL = "-O";
				VALIDATE_PRODUCT = YES;
			};
			name = Release;
		};
		F6BD0DB5265F577500AB56DC /* Debug */ = {
			isa = XCBuildConfiguration;
			buildSettings = {
				ASSETCATALOG_COMPILER_APPICON_NAME = AppIcon;
				ASSETCATALOG_COMPILER_GLOBAL_ACCENT_COLOR_NAME = AccentColor;
				CODE_SIGN_STYLE = Automatic;
				DEVELOPMENT_ASSET_PATHS = "\"SwiftUiCodingExamples/Preview Content\"";
				DEVELOPMENT_TEAM = 8LYTF5ZZWZ;
				ENABLE_PREVIEWS = YES;
				INFOPLIST_FILE = SwiftUiCodingExamples/Info.plist;
				IPHONEOS_DEPLOYMENT_TARGET = 14.0;
				LD_RUNPATH_SEARCH_PATHS = (
					"$(inherited)",
					"@executable_path/Frameworks",
				);
				PRODUCT_BUNDLE_IDENTIFIER = com.bhico.SwiftUiCodingExamples;
				PRODUCT_NAME = "$(TARGET_NAME)";
				SWIFT_VERSION = 5.0;
				TARGETED_DEVICE_FAMILY = "1,2";
			};
			name = Debug;
		};
		F6BD0DB6265F577500AB56DC /* Release */ = {
			isa = XCBuildConfiguration;
			buildSettings = {
				ASSETCATALOG_COMPILER_APPICON_NAME = AppIcon;
				ASSETCATALOG_COMPILER_GLOBAL_ACCENT_COLOR_NAME = AccentColor;
				CODE_SIGN_STYLE = Automatic;
				DEVELOPMENT_ASSET_PATHS = "\"SwiftUiCodingExamples/Preview Content\"";
				DEVELOPMENT_TEAM = 8LYTF5ZZWZ;
				ENABLE_PREVIEWS = YES;
				INFOPLIST_FILE = SwiftUiCodingExamples/Info.plist;
				IPHONEOS_DEPLOYMENT_TARGET = 14.0;
				LD_RUNPATH_SEARCH_PATHS = (
					"$(inherited)",
					"@executable_path/Frameworks",
				);
				PRODUCT_BUNDLE_IDENTIFIER = com.bhico.SwiftUiCodingExamples;
				PRODUCT_NAME = "$(TARGET_NAME)";
				SWIFT_VERSION = 5.0;
				TARGETED_DEVICE_FAMILY = "1,2";
			};
			name = Release;
		};
/* End XCBuildConfiguration section */

/* Begin XCConfigurationList section */
		F6BD0DA0265F577300AB56DC /* Build configuration list for PBXProject "SwiftUiCodingExamples" */ = {
			isa = XCConfigurationList;
			buildConfigurations = (
				F6BD0DB2265F577500AB56DC /* Debug */,
				F6BD0DB3265F577500AB56DC /* Release */,
			);
			defaultConfigurationIsVisible = 0;
			defaultConfigurationName = Release;
		};
		F6BD0DB4265F577500AB56DC /* Build configuration list for PBXNativeTarget "SwiftUiCodingExamples" */ = {
			isa = XCConfigurationList;
			buildConfigurations = (
				F6BD0DB5265F577500AB56DC /* Debug */,
				F6BD0DB6265F577500AB56DC /* Release */,
			);
			defaultConfigurationIsVisible = 0;
			defaultConfigurationName = Release;
		};
/* End XCConfigurationList section */
	};
	rootObject = F6BD0D9D265F577300AB56DC /* Project object */;
}
